// !$*UTF8*$!
{
	archiveVersion = 1;
	classes = {
	};
	objectVersion = 50;
	objects = {

/* Begin PBXBuildFile section */
		B5569F9024620ACF00BEF5C7 /* AlertPresentingService.swift in Sources */ = {isa = PBXBuildFile; fileRef = B5569F8F24620ACF00BEF5C7 /* AlertPresentingService.swift */; };
		B5569F92246215EA00BEF5C7 /* PresentingHost.swift in Sources */ = {isa = PBXBuildFile; fileRef = B5569F91246215EA00BEF5C7 /* PresentingHost.swift */; };
		B5569F94246215FA00BEF5C7 /* AlertPresentingServiceImpl.swift in Sources */ = {isa = PBXBuildFile; fileRef = B5569F93246215FA00BEF5C7 /* AlertPresentingServiceImpl.swift */; };
		B56C313B245FF4C10083C30A /* SingeltonServiceContainer.swift in Sources */ = {isa = PBXBuildFile; fileRef = B56C313A245FF4C10083C30A /* SingeltonServiceContainer.swift */; };
		B56C313D245FF5240083C30A /* ServiceLocator.swift in Sources */ = {isa = PBXBuildFile; fileRef = B56C313C245FF5240083C30A /* ServiceLocator.swift */; };
		B56C313F245FF5400083C30A /* ServiceResolver.swift in Sources */ = {isa = PBXBuildFile; fileRef = B56C313E245FF5400083C30A /* ServiceResolver.swift */; };
		B56C3141245FF5BE0083C30A /* DI.swift in Sources */ = {isa = PBXBuildFile; fileRef = B56C3140245FF5BE0083C30A /* DI.swift */; };
		B56C3143245FFA150083C30A /* UserDefault.swift in Sources */ = {isa = PBXBuildFile; fileRef = B56C3142245FFA150083C30A /* UserDefault.swift */; };
		B56C3145245FFA420083C30A /* SettingsServiceImp.swift in Sources */ = {isa = PBXBuildFile; fileRef = B56C3144245FFA420083C30A /* SettingsServiceImp.swift */; };
		B56C3147245FFC060083C30A /* SettingsPresenter.swift in Sources */ = {isa = PBXBuildFile; fileRef = B56C3146245FFC060083C30A /* SettingsPresenter.swift */; };
		B56C3149245FFC1F0083C30A /* SettingsPresenterImpl.swift in Sources */ = {isa = PBXBuildFile; fileRef = B56C3148245FFC1F0083C30A /* SettingsPresenterImpl.swift */; };
		B5729D94245DF4D0005B8202 /* AppDelegate.swift in Sources */ = {isa = PBXBuildFile; fileRef = B5729D93245DF4D0005B8202 /* AppDelegate.swift */; };
		B5729D9D245DF4D1005B8202 /* Assets.xcassets in Resources */ = {isa = PBXBuildFile; fileRef = B5729D9C245DF4D1005B8202 /* Assets.xcassets */; };
		B5729DA0245DF4D1005B8202 /* LaunchScreen.storyboard in Resources */ = {isa = PBXBuildFile; fileRef = B5729D9E245DF4D1005B8202 /* LaunchScreen.storyboard */; };
		B5729DAA245F40C6005B8202 /* HABPanelPresenter.swift in Sources */ = {isa = PBXBuildFile; fileRef = B5729DA9245F40C6005B8202 /* HABPanelPresenter.swift */; };
		B5729DAC245F40E7005B8202 /* HABPanelPresenterImpl.swift in Sources */ = {isa = PBXBuildFile; fileRef = B5729DAB245F40E7005B8202 /* HABPanelPresenterImpl.swift */; };
		B5729DAE245F40FB005B8202 /* HABPanelViewController.swift in Sources */ = {isa = PBXBuildFile; fileRef = B5729DAD245F40FB005B8202 /* HABPanelViewController.swift */; };
		B5729DB1245F443E005B8202 /* UIView+Extensions.swift in Sources */ = {isa = PBXBuildFile; fileRef = B5729DB0245F443E005B8202 /* UIView+Extensions.swift */; };
		B5B9F66D245F49D800E28840 /* ServiceContainer.swift in Sources */ = {isa = PBXBuildFile; fileRef = B5B9F66C245F49D800E28840 /* ServiceContainer.swift */; };
		B5B9F66F245F567D00E28840 /* SettingsService.swift in Sources */ = {isa = PBXBuildFile; fileRef = B5B9F66E245F567D00E28840 /* SettingsService.swift */; };
		B5B9F672245F5B0300E28840 /* SettingsViewController.swift in Sources */ = {isa = PBXBuildFile; fileRef = B5B9F671245F5B0300E28840 /* SettingsViewController.swift */; };
/* End PBXBuildFile section */

/* Begin PBXFileReference section */
		B5569F8F24620ACF00BEF5C7 /* AlertPresentingService.swift */ = {isa = PBXFileReference; lastKnownFileType = sourcecode.swift; path = AlertPresentingService.swift; sourceTree = "<group>"; };
		B5569F91246215EA00BEF5C7 /* PresentingHost.swift */ = {isa = PBXFileReference; lastKnownFileType = sourcecode.swift; path = PresentingHost.swift; sourceTree = "<group>"; };
		B5569F93246215FA00BEF5C7 /* AlertPresentingServiceImpl.swift */ = {isa = PBXFileReference; lastKnownFileType = sourcecode.swift; path = AlertPresentingServiceImpl.swift; sourceTree = "<group>"; };
		B56C313A245FF4C10083C30A /* SingeltonServiceContainer.swift */ = {isa = PBXFileReference; lastKnownFileType = sourcecode.swift; path = SingeltonServiceContainer.swift; sourceTree = "<group>"; };
		B56C313C245FF5240083C30A /* ServiceLocator.swift */ = {isa = PBXFileReference; lastKnownFileType = sourcecode.swift; path = ServiceLocator.swift; sourceTree = "<group>"; };
		B56C313E245FF5400083C30A /* ServiceResolver.swift */ = {isa = PBXFileReference; lastKnownFileType = sourcecode.swift; path = ServiceResolver.swift; sourceTree = "<group>"; };
		B56C3140245FF5BE0083C30A /* DI.swift */ = {isa = PBXFileReference; lastKnownFileType = sourcecode.swift; path = DI.swift; sourceTree = "<group>"; };
		B56C3142245FFA150083C30A /* UserDefault.swift */ = {isa = PBXFileReference; lastKnownFileType = sourcecode.swift; path = UserDefault.swift; sourceTree = "<group>"; };
		B56C3144245FFA420083C30A /* SettingsServiceImp.swift */ = {isa = PBXFileReference; lastKnownFileType = sourcecode.swift; path = SettingsServiceImp.swift; sourceTree = "<group>"; };
		B56C3146245FFC060083C30A /* SettingsPresenter.swift */ = {isa = PBXFileReference; lastKnownFileType = sourcecode.swift; path = SettingsPresenter.swift; sourceTree = "<group>"; };
		B56C3148245FFC1F0083C30A /* SettingsPresenterImpl.swift */ = {isa = PBXFileReference; lastKnownFileType = sourcecode.swift; path = SettingsPresenterImpl.swift; sourceTree = "<group>"; };
		B5729D90245DF4D0005B8202 /* HABPanel.app */ = {isa = PBXFileReference; explicitFileType = wrapper.application; includeInIndex = 0; path = HABPanel.app; sourceTree = BUILT_PRODUCTS_DIR; };
		B5729D93245DF4D0005B8202 /* AppDelegate.swift */ = {isa = PBXFileReference; lastKnownFileType = sourcecode.swift; path = AppDelegate.swift; sourceTree = "<group>"; };
		B5729D9C245DF4D1005B8202 /* Assets.xcassets */ = {isa = PBXFileReference; lastKnownFileType = folder.assetcatalog; path = Assets.xcassets; sourceTree = "<group>"; };
		B5729D9F245DF4D1005B8202 /* Base */ = {isa = PBXFileReference; lastKnownFileType = file.storyboard; name = Base; path = Base.lproj/LaunchScreen.storyboard; sourceTree = "<group>"; };
		B5729DA1245DF4D1005B8202 /* Info.plist */ = {isa = PBXFileReference; lastKnownFileType = text.plist.xml; path = Info.plist; sourceTree = "<group>"; };
		B5729DA9245F40C6005B8202 /* HABPanelPresenter.swift */ = {isa = PBXFileReference; lastKnownFileType = sourcecode.swift; path = HABPanelPresenter.swift; sourceTree = "<group>"; };
		B5729DAB245F40E7005B8202 /* HABPanelPresenterImpl.swift */ = {isa = PBXFileReference; lastKnownFileType = sourcecode.swift; path = HABPanelPresenterImpl.swift; sourceTree = "<group>"; };
		B5729DAD245F40FB005B8202 /* HABPanelViewController.swift */ = {isa = PBXFileReference; lastKnownFileType = sourcecode.swift; path = HABPanelViewController.swift; sourceTree = "<group>"; };
		B5729DB0245F443E005B8202 /* UIView+Extensions.swift */ = {isa = PBXFileReference; lastKnownFileType = sourcecode.swift; path = "UIView+Extensions.swift"; sourceTree = "<group>"; };
		B5B9F66C245F49D800E28840 /* ServiceContainer.swift */ = {isa = PBXFileReference; lastKnownFileType = sourcecode.swift; path = ServiceContainer.swift; sourceTree = "<group>"; };
		B5B9F66E245F567D00E28840 /* SettingsService.swift */ = {isa = PBXFileReference; lastKnownFileType = sourcecode.swift; path = SettingsService.swift; sourceTree = "<group>"; };
		B5B9F671245F5B0300E28840 /* SettingsViewController.swift */ = {isa = PBXFileReference; lastKnownFileType = sourcecode.swift; path = SettingsViewController.swift; sourceTree = "<group>"; };
/* End PBXFileReference section */

/* Begin PBXFrameworksBuildPhase section */
		B5729D8D245DF4D0005B8202 /* Frameworks */ = {
			isa = PBXFrameworksBuildPhase;
			buildActionMask = 2147483647;
			files = (
			);
			runOnlyForDeploymentPostprocessing = 0;
		};
/* End PBXFrameworksBuildPhase section */

/* Begin PBXGroup section */
		B56C3139245FF49D0083C30A /* ServiceContainer */ = {
			isa = PBXGroup;
			children = (
				B56C313E245FF5400083C30A /* ServiceResolver.swift */,
				B5B9F66C245F49D800E28840 /* ServiceContainer.swift */,
				B56C313A245FF4C10083C30A /* SingeltonServiceContainer.swift */,
				B56C313C245FF5240083C30A /* ServiceLocator.swift */,
				B56C3140245FF5BE0083C30A /* DI.swift */,
			);
			path = ServiceContainer;
			sourceTree = "<group>";
		};
		B5729D87245DF4D0005B8202 = {
			isa = PBXGroup;
			children = (
				B5729D92245DF4D0005B8202 /* HABPanelViewer */,
				B5729D91245DF4D0005B8202 /* Products */,
			);
			sourceTree = "<group>";
		};
		B5729D91245DF4D0005B8202 /* Products */ = {
			isa = PBXGroup;
			children = (
				B5729D90245DF4D0005B8202 /* HABPanel.app */,
			);
			name = Products;
			sourceTree = "<group>";
		};
		B5729D92245DF4D0005B8202 /* HABPanelViewer */ = {
			isa = PBXGroup;
			children = (
				B5729DAF245F4426005B8202 /* Extensions */,
				B5B9F66B245F487400E28840 /* Services */,
				B5729DA7245F406C005B8202 /* UI */,
				B5729D93245DF4D0005B8202 /* AppDelegate.swift */,
				B5729D9C245DF4D1005B8202 /* Assets.xcassets */,
				B5729D9E245DF4D1005B8202 /* LaunchScreen.storyboard */,
				B5729DA1245DF4D1005B8202 /* Info.plist */,
			);
			path = HABPanelViewer;
			sourceTree = "<group>";
		};
		B5729DA7245F406C005B8202 /* UI */ = {
			isa = PBXGroup;
			children = (
				B5729DA8245F4083005B8202 /* HABPanel */,
				B5B9F670245F5AE600E28840 /* Settings */,
			);
			path = UI;
			sourceTree = "<group>";
		};
		B5729DA8245F4083005B8202 /* HABPanel */ = {
			isa = PBXGroup;
			children = (
				B5729DA9245F40C6005B8202 /* HABPanelPresenter.swift */,
				B5729DAB245F40E7005B8202 /* HABPanelPresenterImpl.swift */,
				B5729DAD245F40FB005B8202 /* HABPanelViewController.swift */,
			);
			path = HABPanel;
			sourceTree = "<group>";
		};
		B5729DAF245F4426005B8202 /* Extensions */ = {
			isa = PBXGroup;
			children = (
				B5729DB0245F443E005B8202 /* UIView+Extensions.swift */,
			);
			path = Extensions;
			sourceTree = "<group>";
		};
		B5B9F66B245F487400E28840 /* Services */ = {
			isa = PBXGroup;
			children = (
				B56C3139245FF49D0083C30A /* ServiceContainer */,
				B5B9F66E245F567D00E28840 /* SettingsService.swift */,
				B56C3142245FFA150083C30A /* UserDefault.swift */,
				B56C3144245FFA420083C30A /* SettingsServiceImp.swift */,
				B5569F8F24620ACF00BEF5C7 /* AlertPresentingService.swift */,
				B5569F91246215EA00BEF5C7 /* PresentingHost.swift */,
				B5569F93246215FA00BEF5C7 /* AlertPresentingServiceImpl.swift */,
			);
			path = Services;
			sourceTree = "<group>";
		};
		B5B9F670245F5AE600E28840 /* Settings */ = {
			isa = PBXGroup;
			children = (
				B56C3146245FFC060083C30A /* SettingsPresenter.swift */,
				B56C3148245FFC1F0083C30A /* SettingsPresenterImpl.swift */,
				B5B9F671245F5B0300E28840 /* SettingsViewController.swift */,
			);
			path = Settings;
			sourceTree = "<group>";
		};
/* End PBXGroup section */

/* Begin PBXNativeTarget section */
		B5729D8F245DF4D0005B8202 /* HABPanelViewer */ = {
			isa = PBXNativeTarget;
			buildConfigurationList = B5729DA4245DF4D1005B8202 /* Build configuration list for PBXNativeTarget "HABPanelViewer" */;
			buildPhases = (
				B5729D8C245DF4D0005B8202 /* Sources */,
				B5729D8D245DF4D0005B8202 /* Frameworks */,
				B5729D8E245DF4D0005B8202 /* Resources */,
			);
			buildRules = (
			);
			dependencies = (
			);
			name = HABPanelViewer;
			productName = HABPanelViewer;
			productReference = B5729D90245DF4D0005B8202 /* HABPanel.app */;
			productType = "com.apple.product-type.application";
		};
/* End PBXNativeTarget section */

/* Begin PBXProject section */
		B5729D88245DF4D0005B8202 /* Project object */ = {
			isa = PBXProject;
			attributes = {
				LastSwiftUpdateCheck = 1140;
				LastUpgradeCheck = 1140;
				ORGANIZATIONNAME = "Boris Krivonog";
				TargetAttributes = {
					B5729D8F245DF4D0005B8202 = {
						CreatedOnToolsVersion = 11.4;
					};
				};
			};
			buildConfigurationList = B5729D8B245DF4D0005B8202 /* Build configuration list for PBXProject "HABPanelViewer" */;
			compatibilityVersion = "Xcode 9.3";
			developmentRegion = en;
			hasScannedForEncodings = 0;
			knownRegions = (
				en,
				Base,
			);
			mainGroup = B5729D87245DF4D0005B8202;
			productRefGroup = B5729D91245DF4D0005B8202 /* Products */;
			projectDirPath = "";
			projectRoot = "";
			targets = (
				B5729D8F245DF4D0005B8202 /* HABPanelViewer */,
			);
		};
/* End PBXProject section */

/* Begin PBXResourcesBuildPhase section */
		B5729D8E245DF4D0005B8202 /* Resources */ = {
			isa = PBXResourcesBuildPhase;
			buildActionMask = 2147483647;
			files = (
				B5729DA0245DF4D1005B8202 /* LaunchScreen.storyboard in Resources */,
				B5729D9D245DF4D1005B8202 /* Assets.xcassets in Resources */,
			);
			runOnlyForDeploymentPostprocessing = 0;
		};
/* End PBXResourcesBuildPhase section */

/* Begin PBXSourcesBuildPhase section */
		B5729D8C245DF4D0005B8202 /* Sources */ = {
			isa = PBXSourcesBuildPhase;
			buildActionMask = 2147483647;
			files = (
				B5729DB1245F443E005B8202 /* UIView+Extensions.swift in Sources */,
				B56C3149245FFC1F0083C30A /* SettingsPresenterImpl.swift in Sources */,
				B56C313F245FF5400083C30A /* ServiceResolver.swift in Sources */,
				B56C3143245FFA150083C30A /* UserDefault.swift in Sources */,
				B5729DAE245F40FB005B8202 /* HABPanelViewController.swift in Sources */,
				B5729DAA245F40C6005B8202 /* HABPanelPresenter.swift in Sources */,
				B5B9F66D245F49D800E28840 /* ServiceContainer.swift in Sources */,
				B5729D94245DF4D0005B8202 /* AppDelegate.swift in Sources */,
				B5569F9024620ACF00BEF5C7 /* AlertPresentingService.swift in Sources */,
				B56C3145245FFA420083C30A /* SettingsServiceImp.swift in Sources */,
				B5B9F66F245F567D00E28840 /* SettingsService.swift in Sources */,
				B56C313D245FF5240083C30A /* ServiceLocator.swift in Sources */,
				B56C3141245FF5BE0083C30A /* DI.swift in Sources */,
				B5729DAC245F40E7005B8202 /* HABPanelPresenterImpl.swift in Sources */,
				B5569F94246215FA00BEF5C7 /* AlertPresentingServiceImpl.swift in Sources */,
				B5B9F672245F5B0300E28840 /* SettingsViewController.swift in Sources */,
				B56C313B245FF4C10083C30A /* SingeltonServiceContainer.swift in Sources */,
				B5569F92246215EA00BEF5C7 /* PresentingHost.swift in Sources */,
				B56C3147245FFC060083C30A /* SettingsPresenter.swift in Sources */,
			);
			runOnlyForDeploymentPostprocessing = 0;
		};
/* End PBXSourcesBuildPhase section */

/* Begin PBXVariantGroup section */
		B5729D9E245DF4D1005B8202 /* LaunchScreen.storyboard */ = {
			isa = PBXVariantGroup;
			children = (
				B5729D9F245DF4D1005B8202 /* Base */,
			);
			name = LaunchScreen.storyboard;
			sourceTree = "<group>";
		};
/* End PBXVariantGroup section */

/* Begin XCBuildConfiguration section */
		B5729DA2245DF4D1005B8202 /* Debug */ = {
			isa = XCBuildConfiguration;
			buildSettings = {
				ALWAYS_SEARCH_USER_PATHS = NO;
				CLANG_ANALYZER_NONNULL = YES;
				CLANG_ANALYZER_NUMBER_OBJECT_CONVERSION = YES_AGGRESSIVE;
				CLANG_CXX_LANGUAGE_STANDARD = "gnu++14";
				CLANG_CXX_LIBRARY = "libc++";
				CLANG_ENABLE_MODULES = YES;
				CLANG_ENABLE_OBJC_ARC = YES;
				CLANG_ENABLE_OBJC_WEAK = YES;
				CLANG_WARN_BLOCK_CAPTURE_AUTORELEASING = YES;
				CLANG_WARN_BOOL_CONVERSION = YES;
				CLANG_WARN_COMMA = YES;
				CLANG_WARN_CONSTANT_CONVERSION = YES;
				CLANG_WARN_DEPRECATED_OBJC_IMPLEMENTATIONS = YES;
				CLANG_WARN_DIRECT_OBJC_ISA_USAGE = YES_ERROR;
				CLANG_WARN_DOCUMENTATION_COMMENTS = YES;
				CLANG_WARN_EMPTY_BODY = YES;
				CLANG_WARN_ENUM_CONVERSION = YES;
				CLANG_WARN_INFINITE_RECURSION = YES;
				CLANG_WARN_INT_CONVERSION = YES;
				CLANG_WARN_NON_LITERAL_NULL_CONVERSION = YES;
				CLANG_WARN_OBJC_IMPLICIT_RETAIN_SELF = YES;
				CLANG_WARN_OBJC_LITERAL_CONVERSION = YES;
				CLANG_WARN_OBJC_ROOT_CLASS = YES_ERROR;
				CLANG_WARN_RANGE_LOOP_ANALYSIS = YES;
				CLANG_WARN_STRICT_PROTOTYPES = YES;
				CLANG_WARN_SUSPICIOUS_MOVE = YES;
				CLANG_WARN_UNGUARDED_AVAILABILITY = YES_AGGRESSIVE;
				CLANG_WARN_UNREACHABLE_CODE = YES;
				CLANG_WARN__DUPLICATE_METHOD_MATCH = YES;
				COPY_PHASE_STRIP = NO;
				DEBUG_INFORMATION_FORMAT = dwarf;
				ENABLE_STRICT_OBJC_MSGSEND = YES;
				ENABLE_TESTABILITY = YES;
				GCC_C_LANGUAGE_STANDARD = gnu11;
				GCC_DYNAMIC_NO_PIC = NO;
				GCC_NO_COMMON_BLOCKS = YES;
				GCC_OPTIMIZATION_LEVEL = 0;
				GCC_PREPROCESSOR_DEFINITIONS = (
					"DEBUG=1",
					"$(inherited)",
				);
				GCC_WARN_64_TO_32_BIT_CONVERSION = YES;
				GCC_WARN_ABOUT_RETURN_TYPE = YES_ERROR;
				GCC_WARN_UNDECLARED_SELECTOR = YES;
				GCC_WARN_UNINITIALIZED_AUTOS = YES_AGGRESSIVE;
				GCC_WARN_UNUSED_FUNCTION = YES;
				GCC_WARN_UNUSED_VARIABLE = YES;
				IPHONEOS_DEPLOYMENT_TARGET = 10.0;
				MTL_ENABLE_DEBUG_INFO = INCLUDE_SOURCE;
				MTL_FAST_MATH = YES;
				ONLY_ACTIVE_ARCH = YES;
				SDKROOT = iphoneos;
				SWIFT_ACTIVE_COMPILATION_CONDITIONS = DEBUG;
				SWIFT_OPTIMIZATION_LEVEL = "-Onone";
			};
			name = Debug;
		};
		B5729DA3245DF4D1005B8202 /* Release */ = {
			isa = XCBuildConfiguration;
			buildSettings = {
				ALWAYS_SEARCH_USER_PATHS = NO;
				CLANG_ANALYZER_NONNULL = YES;
				CLANG_ANALYZER_NUMBER_OBJECT_CONVERSION = YES_AGGRESSIVE;
				CLANG_CXX_LANGUAGE_STANDARD = "gnu++14";
				CLANG_CXX_LIBRARY = "libc++";
				CLANG_ENABLE_MODULES = YES;
				CLANG_ENABLE_OBJC_ARC = YES;
				CLANG_ENABLE_OBJC_WEAK = YES;
				CLANG_WARN_BLOCK_CAPTURE_AUTORELEASING = YES;
				CLANG_WARN_BOOL_CONVERSION = YES;
				CLANG_WARN_COMMA = YES;
				CLANG_WARN_CONSTANT_CONVERSION = YES;
				CLANG_WARN_DEPRECATED_OBJC_IMPLEMENTATIONS = YES;
				CLANG_WARN_DIRECT_OBJC_ISA_USAGE = YES_ERROR;
				CLANG_WARN_DOCUMENTATION_COMMENTS = YES;
				CLANG_WARN_EMPTY_BODY = YES;
				CLANG_WARN_ENUM_CONVERSION = YES;
				CLANG_WARN_INFINITE_RECURSION = YES;
				CLANG_WARN_INT_CONVERSION = YES;
				CLANG_WARN_NON_LITERAL_NULL_CONVERSION = YES;
				CLANG_WARN_OBJC_IMPLICIT_RETAIN_SELF = YES;
				CLANG_WARN_OBJC_LITERAL_CONVERSION = YES;
				CLANG_WARN_OBJC_ROOT_CLASS = YES_ERROR;
				CLANG_WARN_RANGE_LOOP_ANALYSIS = YES;
				CLANG_WARN_STRICT_PROTOTYPES = YES;
				CLANG_WARN_SUSPICIOUS_MOVE = YES;
				CLANG_WARN_UNGUARDED_AVAILABILITY = YES_AGGRESSIVE;
				CLANG_WARN_UNREACHABLE_CODE = YES;
				CLANG_WARN__DUPLICATE_METHOD_MATCH = YES;
				COPY_PHASE_STRIP = NO;
				DEBUG_INFORMATION_FORMAT = "dwarf-with-dsym";
				ENABLE_NS_ASSERTIONS = NO;
				ENABLE_STRICT_OBJC_MSGSEND = YES;
				GCC_C_LANGUAGE_STANDARD = gnu11;
				GCC_NO_COMMON_BLOCKS = YES;
				GCC_WARN_64_TO_32_BIT_CONVERSION = YES;
				GCC_WARN_ABOUT_RETURN_TYPE = YES_ERROR;
				GCC_WARN_UNDECLARED_SELECTOR = YES;
				GCC_WARN_UNINITIALIZED_AUTOS = YES_AGGRESSIVE;
				GCC_WARN_UNUSED_FUNCTION = YES;
				GCC_WARN_UNUSED_VARIABLE = YES;
				IPHONEOS_DEPLOYMENT_TARGET = 10.0;
				MTL_ENABLE_DEBUG_INFO = NO;
				MTL_FAST_MATH = YES;
				SDKROOT = iphoneos;
				SWIFT_COMPILATION_MODE = wholemodule;
				SWIFT_OPTIMIZATION_LEVEL = "-O";
				VALIDATE_PRODUCT = YES;
			};
			name = Release;
		};
		B5729DA5245DF4D1005B8202 /* Debug */ = {
			isa = XCBuildConfiguration;
			buildSettings = {
				ASSETCATALOG_COMPILER_APPICON_NAME = AppIcon;
				CODE_SIGN_STYLE = Automatic;
				DEVELOPMENT_TEAM = VM34WQUDYZ;
				INFOPLIST_FILE = HABPanelViewer/Info.plist;
				LD_RUNPATH_SEARCH_PATHS = (
					"$(inherited)",
					"@executable_path/Frameworks",
				);
				MARKETING_VERSION = 0.1;
				PRODUCT_BUNDLE_IDENTIFIER = si.inova.HABPanelViewer;
				PRODUCT_NAME = HABPanel;
				SWIFT_VERSION = 5.0;
				TARGETED_DEVICE_FAMILY = "1,2";
			};
			name = Debug;
		};
		B5729DA6245DF4D1005B8202 /* Release */ = {
			isa = XCBuildConfiguration;
			buildSettings = {
				ASSETCATALOG_COMPILER_APPICON_NAME = AppIcon;
				CODE_SIGN_STYLE = Automatic;
				DEVELOPMENT_TEAM = VM34WQUDYZ;
				INFOPLIST_FILE = HABPanelViewer/Info.plist;
				LD_RUNPATH_SEARCH_PATHS = (
					"$(inherited)",
					"@executable_path/Frameworks",
				);
				MARKETING_VERSION = 0.1;
				PRODUCT_BUNDLE_IDENTIFIER = si.inova.HABPanelViewer;
				PRODUCT_NAME = HABPanel;
				SWIFT_VERSION = 5.0;
				TARGETED_DEVICE_FAMILY = "1,2";
			};
			name = Release;
		};
/* End XCBuildConfiguration section */

/* Begin XCConfigurationList section */
		B5729D8B245DF4D0005B8202 /* Build configuration list for PBXProject "HABPanelViewer" */ = {
			isa = XCConfigurationList;
			buildConfigurations = (
				B5729DA2245DF4D1005B8202 /* Debug */,
				B5729DA3245DF4D1005B8202 /* Release */,
			);
			defaultConfigurationIsVisible = 0;
			defaultConfigurationName = Release;
		};
		B5729DA4245DF4D1005B8202 /* Build configuration list for PBXNativeTarget "HABPanelViewer" */ = {
			isa = XCConfigurationList;
			buildConfigurations = (
				B5729DA5245DF4D1005B8202 /* Debug */,
				B5729DA6245DF4D1005B8202 /* Release */,
			);
			defaultConfigurationIsVisible = 0;
			defaultConfigurationName = Release;
		};
/* End XCConfigurationList section */
	};
	rootObject = B5729D88245DF4D0005B8202 /* Project object */;
}
